
Microsoft Visual Studio Solution File, Format Version 12.00
# Visual Studio 2012
Project("{FAE04EC0-301F-11D3-BF4B-00C04F79EFBC}") = "Sample", "Sample.csproj", "{AEE816BF-3E91-4320-AB6D-0B92238286A4}"
EndProject
Global
	GlobalSection(SolutionConfigurationPlatforms) = preSolution
		Debug|iPhoneSimulator = Debug|iPhoneSimulator
		Release|iPhone = Release|iPhone
		Release|iPhoneSimulator = Release|iPhoneSimulator
		Debug|iPhone = Debug|iPhone
	EndGlobalSection
	GlobalSection(ProjectConfigurationPlatforms) = postSolution
		{AEE816BF-3E91-4320-AB6D-0B92238286A4}.Debug|iPhoneSimulator.ActiveCfg = Debug|iPhoneSimulator
		{AEE816BF-3E91-4320-AB6D-0B92238286A4}.Debug|iPhoneSimulator.Build.0 = Debug|iPhoneSimulator
		{AEE816BF-3E91-4320-AB6D-0B92238286A4}.Release|iPhone.ActiveCfg = Release|iPhone
		{AEE816BF-3E91-4320-AB6D-0B92238286A4}.Release|iPhone.Build.0 = Release|iPhone
		{AEE816BF-3E91-4320-AB6D-0B92238286A4}.Release|iPhoneSimulator.ActiveCfg = Release|iPhoneSimulator
		{AEE816BF-3E91-4320-AB6D-0B92238286A4}.Release|iPhoneSimulator.Build.0 = Release|iPhoneSimulator
		{AEE816BF-3E91-4320-AB6D-0B92238286A4}.Debug|iPhone.ActiveCfg = Debug|iPhone
		{AEE816BF-3E91-4320-AB6D-0B92238286A4}.Debug|iPhone.Build.0 = Debug|iPhone
	EndGlobalSection
EndGlobal
